
Microsoft Visual Studio Solution File, Format Version 12.00
# Visual Studio Version 17
VisualStudioVersion = 17.0.31521.260
MinimumVisualStudioVersion = 10.0.40219.1
Project("{9A19103F-16F7-4668-BE54-9A1E7A4F7556}") = "ApiProduto", "ApiProduto.csproj", "{9F54389C-6AEB-4FB3-A2B3-32FD46A00126}"
EndProject
Global
	GlobalSection(SolutionConfigurationPlatforms) = preSolution
		Debug|Any CPU = Debug|Any CPU
		Release|Any CPU = Release|Any CPU
	EndGlobalSection
	GlobalSection(ProjectConfigurationPlatforms) = postSolution
		{9F54389C-6AEB-4FB3-A2B3-32FD46A00126}.Debug|Any CPU.ActiveCfg = Debug|Any CPU
		{9F54389C-6AEB-4FB3-A2B3-32FD46A00126}.Debug|Any CPU.Build.0 = Debug|Any CPU
		{9F54389C-6AEB-4FB3-A2B3-32FD46A00126}.Release|Any CPU.ActiveCfg = Release|Any CPU
		{9F54389C-6AEB-4FB3-A2B3-32FD46A00126}.Release|Any CPU.Build.0 = Release|Any CPU
	EndGlobalSection
	GlobalSection(SolutionProperties) = preSolution
		HideSolutionNode = FALSE
	EndGlobalSection
	GlobalSection(ExtensibilityGlobals) = postSolution
		SolutionGuid = {75878BE1-26FB-4800-833E-44FDDCC52FDD}
	EndGlobalSection
EndGlobal
